
Microsoft Visual Studio Solution File, Format Version 12.00
# Visual Studio Version 16
VisualStudioVersion = 16.0.30114.105
MinimumVisualStudioVersion = 10.0.40219.1
Project("{FAE04EC0-301F-11D3-BF4B-00C04F79EFBC}") = "StringCheck", "StringCheck.csproj", "{31ADF62C-9FF9-4E05-B7CA-113EA56B1E08}"
EndProject
Global
	GlobalSection(SolutionConfigurationPlatforms) = preSolution
		Debug|Any CPU = Debug|Any CPU
		Release|Any CPU = Release|Any CPU
	EndGlobalSection
	GlobalSection(ProjectConfigurationPlatforms) = postSolution
		{31ADF62C-9FF9-4E05-B7CA-113EA56B1E08}.Debug|Any CPU.ActiveCfg = Debug|Any CPU
		{31ADF62C-9FF9-4E05-B7CA-113EA56B1E08}.Debug|Any CPU.Build.0 = Debug|Any CPU
		{31ADF62C-9FF9-4E05-B7CA-113EA56B1E08}.Release|Any CPU.ActiveCfg = Release|Any CPU
		{31ADF62C-9FF9-4E05-B7CA-113EA56B1E08}.Release|Any CPU.Build.0 = Release|Any CPU
	EndGlobalSection
	GlobalSection(SolutionProperties) = preSolution
		HideSolutionNode = FALSE
	EndGlobalSection
	GlobalSection(ExtensibilityGlobals) = postSolution
		SolutionGuid = {CBAFA2E4-ED84-4C57-95F4-AF68146242B5}
	EndGlobalSection
EndGlobal
